
Microsoft Visual Studio Solution File, Format Version 12.00
# Visual Studio Version 16
VisualStudioVersion = 16.0.29403.142
MinimumVisualStudioVersion = 10.0.40219.1
Project("{9A19103F-16F7-4668-BE54-9A1E7A4F7556}") = "Instagram.Scraper", "Instagram.Scraper.Core\Instagram.Scraper.csproj", "{30713825-5397-427C-A9D6-4CDE8C15A0C5}"
EndProject
Global
	GlobalSection(SolutionConfigurationPlatforms) = preSolution
		Debug|Any CPU = Debug|Any CPU
		Release|Any CPU = Release|Any CPU
	EndGlobalSection
	GlobalSection(ProjectConfigurationPlatforms) = postSolution
		{30713825-5397-427C-A9D6-4CDE8C15A0C5}.Debug|Any CPU.ActiveCfg = Debug|Any CPU
		{30713825-5397-427C-A9D6-4CDE8C15A0C5}.Debug|Any CPU.Build.0 = Debug|Any CPU
		{30713825-5397-427C-A9D6-4CDE8C15A0C5}.Release|Any CPU.ActiveCfg = Release|Any CPU
		{30713825-5397-427C-A9D6-4CDE8C15A0C5}.Release|Any CPU.Build.0 = Release|Any CPU
	EndGlobalSection
	GlobalSection(SolutionProperties) = preSolution
		HideSolutionNode = FALSE
	EndGlobalSection
	GlobalSection(ExtensibilityGlobals) = postSolution
		SolutionGuid = {7F57E5D4-5AB7-48B1-8E85-0A176041134E}
	EndGlobalSection
EndGlobal
